{
  "requires": true,
  "lockfileVersion": 1,
  "dependencies": {
    "devicon-react-svg": {
      "version": "0.2.2",
      "resolved": "https://registry.npmjs.org/devicon-react-svg/-/devicon-react-svg-0.2.2.tgz",
      "integrity": "sha512-hUz/KzWdjLoGKv3HQ9MNsSOpKzWRseyEHVQhAYer4cibsYxOWry0btHDpYiNCehTYppeRXrC5I9PLL9JHNkctQ=="
    }
  }
}
